
Microsoft Visual Studio Solution File, Format Version 12.00
# Visual Studio 15
VisualStudioVersion = 15.0.28307.271
MinimumVisualStudioVersion = 10.0.40219.1
Project("{FAE04EC0-301F-11D3-BF4B-00C04F79EFBC}") = "VLC.NetTest", "VLC.NetTest.csproj", "{A843E3A9-BB15-45D2-9E7B-CE8C7312BE90}"
EndProject
Global
	GlobalSection(SolutionConfigurationPlatforms) = preSolution
		Debug|Any CPU = Debug|Any CPU
		Release|Any CPU = Release|Any CPU
	EndGlobalSection
	GlobalSection(ProjectConfigurationPlatforms) = postSolution
		{A843E3A9-BB15-45D2-9E7B-CE8C7312BE90}.Debug|Any CPU.ActiveCfg = Debug|Any CPU
		{A843E3A9-BB15-45D2-9E7B-CE8C7312BE90}.Debug|Any CPU.Build.0 = Debug|Any CPU
		{A843E3A9-BB15-45D2-9E7B-CE8C7312BE90}.Release|Any CPU.ActiveCfg = Release|Any CPU
		{A843E3A9-BB15-45D2-9E7B-CE8C7312BE90}.Release|Any CPU.Build.0 = Release|Any CPU
	EndGlobalSection
	GlobalSection(SolutionProperties) = preSolution
		HideSolutionNode = FALSE
	EndGlobalSection
	GlobalSection(ExtensibilityGlobals) = postSolution
		SolutionGuid = {582DAFE9-2635-4AE2-9505-8A5794C92938}
	EndGlobalSection
EndGlobal
